
Microsoft Visual Studio Solution File, Format Version 12.00
# Visual Studio Version 17
VisualStudioVersion = 17.14.36414.22 d17.14
MinimumVisualStudioVersion = 10.0.40219.1
Project("{8BC9CEB8-8B4A-11D0-8D11-00A0C91BC942}") = "Ants", "Ants\Ants.vcxproj", "{E08FB0AD-1BF0-4DC8-BA5A-9950B5039B6B}"
EndProject
Global
	GlobalSection(SolutionConfigurationPlatforms) = preSolution
		Debug|x64 = Debug|x64
		Debug|x86 = Debug|x86
		Release|x64 = Release|x64
		Release|x86 = Release|x86
	EndGlobalSection
	GlobalSection(ProjectConfigurationPlatforms) = postSolution
		{E08FB0AD-1BF0-4DC8-BA5A-9950B5039B6B}.Debug|x64.ActiveCfg = Debug|x64
		{E08FB0AD-1BF0-4DC8-BA5A-9950B5039B6B}.Debug|x64.Build.0 = Debug|x64
		{E08FB0AD-1BF0-4DC8-BA5A-9950B5039B6B}.Debug|x86.ActiveCfg = Debug|Win32
		{E08FB0AD-1BF0-4DC8-BA5A-9950B5039B6B}.Debug|x86.Build.0 = Debug|Win32
		{E08FB0AD-1BF0-4DC8-BA5A-9950B5039B6B}.Release|x64.ActiveCfg = Release|x64
		{E08FB0AD-1BF0-4DC8-BA5A-9950B5039B6B}.Release|x64.Build.0 = Release|x64
		{E08FB0AD-1BF0-4DC8-BA5A-9950B5039B6B}.Release|x86.ActiveCfg = Release|Win32
		{E08FB0AD-1BF0-4DC8-BA5A-9950B5039B6B}.Release|x86.Build.0 = Release|Win32
	EndGlobalSection
	GlobalSection(SolutionProperties) = preSolution
		HideSolutionNode = FALSE
	EndGlobalSection
	GlobalSection(ExtensibilityGlobals) = postSolution
		SolutionGuid = {2A3F80D3-DA00-474C-812E-E53CC5902306}
	EndGlobalSection
EndGlobal
